
Microsoft Visual Studio Solution File, Format Version 12.00
# Visual Studio Version 16
VisualStudioVersion = 16.0.30907.101
MinimumVisualStudioVersion = 10.0.40219.1
Project("{FAE04EC0-301F-11D3-BF4B-00C04F79EFBC}") = "[Atc.[Hallo.World.Project]]]", "src\[Atc.[Hallo.World.Project]]]\[Atc.[Hallo.World.Project]]].csproj", "{9E78A492-8638-473B-ADBC-C377AF3EFC72}"
EndProject
Global
	GlobalSection(SolutionConfigurationPlatforms) = preSolution
		Debug|Any CPU = Debug|Any CPU
		Release|Any CPU = Release|Any CPU
	EndGlobalSection
	GlobalSection(ProjectConfigurationPlatforms) = postSolution
		{9E78A492-8638-473B-ADBC-C377AF3EFC72}.Debug|Any CPU.ActiveCfg = Debug|Any CPU
		{9E78A492-8638-473B-ADBC-C377AF3EFC72}.Debug|Any CPU.Build.0 = Debug|Any CPU
		{9E78A492-8638-473B-ADBC-C377AF3EFC72}.Release|Any CPU.ActiveCfg = Release|Any CPU
		{9E78A492-8638-473B-ADBC-C377AF3EFC72}.Release|Any CPU.Build.0 = Release|Any CPU
	EndGlobalSection
	GlobalSection(SolutionProperties) = preSolution
		HideSolutionNode = FALSE
	EndGlobalSection
	GlobalSection(ExtensibilityGlobals) = postSolution
		SolutionGuid = {7A92D7EC-F444-456B-A86C-D6683E016C35}
	EndGlobalSection
EndGlobal